github.com/davecgh/go-spew v1.1.1 h1:vj9j/u1bqnvCEfJOwUhtlOARqs3+rkHYY13jYWTU97c=
github.com/davecgh/go-spew v1.1.1/go.mod h1:J7Y8YcW2NihsgmVo/mv3lAwl/skON4iLHjSsI+c5H38=
github.com/vacoj/Mindbody-API-Golang v0.0.0-20170804171252-a0b39dd52493 h1:R1eC2uYnkMJf2iiO7gitWopbqaTU201/LEGHBlRc7bg=
github.com/vacoj/Mindbody-API-Golang v0.0.0-20170804171252-a0b39dd52493/go.mod h1:L1V3ITZi3lyY+opjRmTlTmgTMlBpkOtCpQRlNZ3PVJQ=
github.com/vacoj/wsdl2go v1.4.5 h1:zB8UlEI4YXei7B37pdWPLYK2GFbDc8w2uL3MwAMqbi8=
github.com/vacoj/wsdl2go v1.4.5/go.mod h1:45wyvo8D8f9feVGDUAf5Q0F7y6AUT3WmTul3Yd2Syek=
